
Microsoft Visual Studio Solution File, Format Version 12.00
# Visual Studio Version 17
VisualStudioVersion = 17.11.35312.102
MinimumVisualStudioVersion = 10.0.40219.1
Project("{FAE04EC0-301F-11D3-BF4B-00C04F79EFBC}") = "FantasticFalcons_FinalProject", "FantasticFalcons_FinalProject\FantasticFalcons_FinalProject.csproj", "{791D5978-2AB5-408F-9CD4-3152B5D1BF4D}"
EndProject
Global
	GlobalSection(SolutionConfigurationPlatforms) = preSolution
		Debug|Any CPU = Debug|Any CPU
		Release|Any CPU = Release|Any CPU
	EndGlobalSection
	GlobalSection(ProjectConfigurationPlatforms) = postSolution
		{791D5978-2AB5-408F-9CD4-3152B5D1BF4D}.Debug|Any CPU.ActiveCfg = Debug|Any CPU
		{791D5978-2AB5-408F-9CD4-3152B5D1BF4D}.Debug|Any CPU.Build.0 = Debug|Any CPU
		{791D5978-2AB5-408F-9CD4-3152B5D1BF4D}.Release|Any CPU.ActiveCfg = Release|Any CPU
		{791D5978-2AB5-408F-9CD4-3152B5D1BF4D}.Release|Any CPU.Build.0 = Release|Any CPU
	EndGlobalSection
	GlobalSection(SolutionProperties) = preSolution
		HideSolutionNode = FALSE
	EndGlobalSection
	GlobalSection(ExtensibilityGlobals) = postSolution
		SolutionGuid = {D78CF258-4146-46FD-A25D-B34A85CE10FE}
	EndGlobalSection
EndGlobal
